
Microsoft Visual Studio Solution File, Format Version 12.00
# Visual Studio 15
VisualStudioVersion = 15.0.26228.9
MinimumVisualStudioVersion = 10.0.40219.1
Project("{2150E333-8FDC-42A3-9474-1A3956D46DE8}") = ".paket", ".paket", "{54916448-DE33-4BFC-AA32-941B19A9DBA1}"
	ProjectSection(SolutionItems) = preProject
		paket.dependencies = paket.dependencies
	EndProjectSection
EndProject
Project("{F2A71F9B-5D33-465A-A702-920D77279786}") = "TfsStats", "src\TfsStats.fsproj", "{F3C06EBD-F637-4A76-82B6-EA80D0F2D14C}"
EndProject
Global
	GlobalSection(SolutionConfigurationPlatforms) = preSolution
		Debug|Any CPU = Debug|Any CPU
		Release|Any CPU = Release|Any CPU
	EndGlobalSection
	GlobalSection(ProjectConfigurationPlatforms) = postSolution
		{F3C06EBD-F637-4A76-82B6-EA80D0F2D14C}.Debug|Any CPU.ActiveCfg = Debug|Any CPU
		{F3C06EBD-F637-4A76-82B6-EA80D0F2D14C}.Debug|Any CPU.Build.0 = Debug|Any CPU
		{F3C06EBD-F637-4A76-82B6-EA80D0F2D14C}.Release|Any CPU.ActiveCfg = Release|Any CPU
		{F3C06EBD-F637-4A76-82B6-EA80D0F2D14C}.Release|Any CPU.Build.0 = Release|Any CPU
	EndGlobalSection
	GlobalSection(SolutionProperties) = preSolution
		HideSolutionNode = FALSE
	EndGlobalSection
EndGlobal
